
Microsoft Visual Studio Solution File, Format Version 12.00
# Visual Studio Version 17
VisualStudioVersion = 17.2.32519.379
MinimumVisualStudioVersion = 10.0.40219.1
Project("{9A19103F-16F7-4668-BE54-9A1E7A4F7556}") = "SapSecurity", "SapSecurity\SapSecurity.csproj", "{8895181F-9E60-436E-972E-0803B335D82E}"
EndProject
Project("{FAE04EC0-301F-11D3-BF4B-00C04F79EFBC}") = "SapSecurity.Api", "SapSecurity.Api\SapSecurity.Api.csproj", "{D0E32FA6-2AB0-47C3-ACD3-5BF63CC1B11B}"
EndProject
Global
	GlobalSection(SolutionConfigurationPlatforms) = preSolution
		Debug|Any CPU = Debug|Any CPU
		Release|Any CPU = Release|Any CPU
	EndGlobalSection
	GlobalSection(ProjectConfigurationPlatforms) = postSolution
		{8895181F-9E60-436E-972E-0803B335D82E}.Debug|Any CPU.ActiveCfg = Debug|Any CPU
		{8895181F-9E60-436E-972E-0803B335D82E}.Debug|Any CPU.Build.0 = Debug|Any CPU
		{8895181F-9E60-436E-972E-0803B335D82E}.Release|Any CPU.ActiveCfg = Release|Any CPU
		{8895181F-9E60-436E-972E-0803B335D82E}.Release|Any CPU.Build.0 = Release|Any CPU
		{D0E32FA6-2AB0-47C3-ACD3-5BF63CC1B11B}.Debug|Any CPU.ActiveCfg = Debug|Any CPU
		{D0E32FA6-2AB0-47C3-ACD3-5BF63CC1B11B}.Debug|Any CPU.Build.0 = Debug|Any CPU
		{D0E32FA6-2AB0-47C3-ACD3-5BF63CC1B11B}.Release|Any CPU.ActiveCfg = Release|Any CPU
		{D0E32FA6-2AB0-47C3-ACD3-5BF63CC1B11B}.Release|Any CPU.Build.0 = Release|Any CPU
	EndGlobalSection
	GlobalSection(SolutionProperties) = preSolution
		HideSolutionNode = FALSE
	EndGlobalSection
	GlobalSection(ExtensibilityGlobals) = postSolution
		SolutionGuid = {BA0FE417-8082-49B3-A08E-A1420DB4CD12}
	EndGlobalSection
EndGlobal
